
Microsoft Visual Studio Solution File, Format Version 12.00
# Visual Studio 15
VisualStudioVersion = 15.0.27130.2010
MinimumVisualStudioVersion = 10.0.40219.1
Project("{FAE04EC0-301F-11D3-BF4B-00C04F79EFBC}") = "PasswordHash", "PasswordHash\PasswordHash.csproj", "{FE46D14A-E071-429C-BC2E-4C11DEDDBD4E}"
EndProject
Global
	GlobalSection(SolutionConfigurationPlatforms) = preSolution
		Debug|Any CPU = Debug|Any CPU
		Release|Any CPU = Release|Any CPU
	EndGlobalSection
	GlobalSection(ProjectConfigurationPlatforms) = postSolution
		{FE46D14A-E071-429C-BC2E-4C11DEDDBD4E}.Debug|Any CPU.ActiveCfg = Debug|Any CPU
		{FE46D14A-E071-429C-BC2E-4C11DEDDBD4E}.Debug|Any CPU.Build.0 = Debug|Any CPU
		{FE46D14A-E071-429C-BC2E-4C11DEDDBD4E}.Release|Any CPU.ActiveCfg = Release|Any CPU
		{FE46D14A-E071-429C-BC2E-4C11DEDDBD4E}.Release|Any CPU.Build.0 = Release|Any CPU
	EndGlobalSection
	GlobalSection(SolutionProperties) = preSolution
		HideSolutionNode = FALSE
	EndGlobalSection
	GlobalSection(ExtensibilityGlobals) = postSolution
		SolutionGuid = {A99A0FDD-38B0-4489-B3FD-1765915C09B5}
	EndGlobalSection
EndGlobal
